
Microsoft Visual Studio Solution File, Format Version 12.00
# Visual Studio Version 17
VisualStudioVersion = 17.1.32210.238
MinimumVisualStudioVersion = 10.0.40219.1
Project("{9A19103F-16F7-4668-BE54-9A1E7A4F7556}") = "MaybeF", "src\MaybeF\MaybeF.csproj", "{4A7A43F9-3B1B-4456-8C18-1B730DFFFECE}"
EndProject
Project("{2150E333-8FDC-42A3-9474-1A3956D46DE8}") = "src", "src", "{D52D67FD-8B6D-4B0B-9F15-E0CECFF4725D}"
	ProjectSection(SolutionItems) = preProject
		src\.editorconfig = src\.editorconfig
		src\Directory.Build.props = src\Directory.Build.props
		src\Local.pack.props = src\Local.pack.props
	EndProjectSection
EndProject
Project("{2150E333-8FDC-42A3-9474-1A3956D46DE8}") = "tests", "tests", "{8C66E4E1-E9BB-4654-A392-256A57F625B9}"
	ProjectSection(SolutionItems) = preProject
		tests\.editorconfig = tests\.editorconfig
		tests\Directory.Build.props = tests\Directory.Build.props
	EndProjectSection
EndProject
Project("{9A19103F-16F7-4668-BE54-9A1E7A4F7556}") = "MaybeF.Testing", "src\MaybeF.Testing\MaybeF.Testing.csproj", "{2E8A44DB-6F73-4F8A-8215-C9A97E5A52D1}"
EndProject
Project("{9A19103F-16F7-4668-BE54-9A1E7A4F7556}") = "Tests.MaybeF", "tests\Tests.MaybeF\Tests.MaybeF.csproj", "{DA96DC9B-2DB9-4561-9AE7-DF4DAE02BE80}"
EndProject
Project("{2150E333-8FDC-42A3-9474-1A3956D46DE8}") = "Solution Items", "Solution Items", "{222B8A91-C219-40F4-B12B-27341DDB7670}"
	ProjectSection(SolutionItems) = preProject
		.editorconfig = .editorconfig
		.gitignore = .gitignore
		Directory.Packages.props = Directory.Packages.props
		LICENSE = LICENSE
		maybe.code-workspace = maybe.code-workspace
		Pack.csproj = Pack.csproj
		.github\workflows\publish.yml = .github\workflows\publish.yml
		README.md = README.md
		Test.csproj = Test.csproj
		.github\workflows\test.yml = .github\workflows\test.yml
		Version = Version
	EndProjectSection
EndProject
Project("{9A19103F-16F7-4668-BE54-9A1E7A4F7556}") = "Tests.MaybeF.Testing", "tests\Tests.MaybeF.Testing\Tests.MaybeF.Testing.csproj", "{1F844C37-77C3-4704-8629-655EF70915F2}"
EndProject
Project("{9A19103F-16F7-4668-BE54-9A1E7A4F7556}") = "MaybeF.Caching", "src\MaybeF.Caching\MaybeF.Caching.csproj", "{D3E40773-D895-4762-8D70-638C2C021AF5}"
EndProject
Project("{9A19103F-16F7-4668-BE54-9A1E7A4F7556}") = "Tests.MaybeF.Caching", "tests\Tests.MaybeF.Caching\Tests.MaybeF.Caching.csproj", "{9A5E8A66-C3B1-4A81-8BDC-227D1BF5CA03}"
EndProject
Global
	GlobalSection(SolutionConfigurationPlatforms) = preSolution
		Debug|Any CPU = Debug|Any CPU
		Release|Any CPU = Release|Any CPU
	EndGlobalSection
	GlobalSection(ProjectConfigurationPlatforms) = postSolution
		{4A7A43F9-3B1B-4456-8C18-1B730DFFFECE}.Debug|Any CPU.ActiveCfg = Debug|Any CPU
		{4A7A43F9-3B1B-4456-8C18-1B730DFFFECE}.Debug|Any CPU.Build.0 = Debug|Any CPU
		{4A7A43F9-3B1B-4456-8C18-1B730DFFFECE}.Release|Any CPU.ActiveCfg = Release|Any CPU
		{4A7A43F9-3B1B-4456-8C18-1B730DFFFECE}.Release|Any CPU.Build.0 = Release|Any CPU
		{2E8A44DB-6F73-4F8A-8215-C9A97E5A52D1}.Debug|Any CPU.ActiveCfg = Debug|Any CPU
		{2E8A44DB-6F73-4F8A-8215-C9A97E5A52D1}.Debug|Any CPU.Build.0 = Debug|Any CPU
		{2E8A44DB-6F73-4F8A-8215-C9A97E5A52D1}.Release|Any CPU.ActiveCfg = Release|Any CPU
		{2E8A44DB-6F73-4F8A-8215-C9A97E5A52D1}.Release|Any CPU.Build.0 = Release|Any CPU
		{DA96DC9B-2DB9-4561-9AE7-DF4DAE02BE80}.Debug|Any CPU.ActiveCfg = Debug|Any CPU
		{DA96DC9B-2DB9-4561-9AE7-DF4DAE02BE80}.Debug|Any CPU.Build.0 = Debug|Any CPU
		{DA96DC9B-2DB9-4561-9AE7-DF4DAE02BE80}.Release|Any CPU.ActiveCfg = Release|Any CPU
		{DA96DC9B-2DB9-4561-9AE7-DF4DAE02BE80}.Release|Any CPU.Build.0 = Release|Any CPU
		{1F844C37-77C3-4704-8629-655EF70915F2}.Debug|Any CPU.ActiveCfg = Debug|Any CPU
		{1F844C37-77C3-4704-8629-655EF70915F2}.Debug|Any CPU.Build.0 = Debug|Any CPU
		{1F844C37-77C3-4704-8629-655EF70915F2}.Release|Any CPU.ActiveCfg = Release|Any CPU
		{1F844C37-77C3-4704-8629-655EF70915F2}.Release|Any CPU.Build.0 = Release|Any CPU
		{D3E40773-D895-4762-8D70-638C2C021AF5}.Debug|Any CPU.ActiveCfg = Debug|Any CPU
		{D3E40773-D895-4762-8D70-638C2C021AF5}.Debug|Any CPU.Build.0 = Debug|Any CPU
		{D3E40773-D895-4762-8D70-638C2C021AF5}.Release|Any CPU.ActiveCfg = Release|Any CPU
		{D3E40773-D895-4762-8D70-638C2C021AF5}.Release|Any CPU.Build.0 = Release|Any CPU
		{9A5E8A66-C3B1-4A81-8BDC-227D1BF5CA03}.Debug|Any CPU.ActiveCfg = Debug|Any CPU
		{9A5E8A66-C3B1-4A81-8BDC-227D1BF5CA03}.Debug|Any CPU.Build.0 = Debug|Any CPU
		{9A5E8A66-C3B1-4A81-8BDC-227D1BF5CA03}.Release|Any CPU.ActiveCfg = Release|Any CPU
		{9A5E8A66-C3B1-4A81-8BDC-227D1BF5CA03}.Release|Any CPU.Build.0 = Release|Any CPU
	EndGlobalSection
	GlobalSection(SolutionProperties) = preSolution
		HideSolutionNode = FALSE
	EndGlobalSection
	GlobalSection(NestedProjects) = preSolution
		{4A7A43F9-3B1B-4456-8C18-1B730DFFFECE} = {D52D67FD-8B6D-4B0B-9F15-E0CECFF4725D}
		{2E8A44DB-6F73-4F8A-8215-C9A97E5A52D1} = {D52D67FD-8B6D-4B0B-9F15-E0CECFF4725D}
		{DA96DC9B-2DB9-4561-9AE7-DF4DAE02BE80} = {8C66E4E1-E9BB-4654-A392-256A57F625B9}
		{1F844C37-77C3-4704-8629-655EF70915F2} = {8C66E4E1-E9BB-4654-A392-256A57F625B9}
		{D3E40773-D895-4762-8D70-638C2C021AF5} = {D52D67FD-8B6D-4B0B-9F15-E0CECFF4725D}
		{9A5E8A66-C3B1-4A81-8BDC-227D1BF5CA03} = {8C66E4E1-E9BB-4654-A392-256A57F625B9}
	EndGlobalSection
	GlobalSection(ExtensibilityGlobals) = postSolution
		SolutionGuid = {A3C083B6-ACC8-4FA6-AA43-AC170E28D689}
	EndGlobalSection
EndGlobal
